
Microsoft Visual Studio Solution File, Format Version 12.00
# Visual Studio Version 17
VisualStudioVersion = 17.8.34408.163
MinimumVisualStudioVersion = 10.0.40219.1
Project("{FAE04EC0-301F-11D3-BF4B-00C04F79EFBC}") = "Vehicle Rental Management System", "Vehicle Rental Management System\Vehicle Rental Management System.csproj", "{73345EB2-46D5-45C4-AAB7-47A26787BE16}"
EndProject
Global
	GlobalSection(SolutionConfigurationPlatforms) = preSolution
		Debug|Any CPU = Debug|Any CPU
		Release|Any CPU = Release|Any CPU
	EndGlobalSection
	GlobalSection(ProjectConfigurationPlatforms) = postSolution
		{73345EB2-46D5-45C4-AAB7-47A26787BE16}.Debug|Any CPU.ActiveCfg = Debug|Any CPU
		{73345EB2-46D5-45C4-AAB7-47A26787BE16}.Debug|Any CPU.Build.0 = Debug|Any CPU
		{73345EB2-46D5-45C4-AAB7-47A26787BE16}.Release|Any CPU.ActiveCfg = Release|Any CPU
		{73345EB2-46D5-45C4-AAB7-47A26787BE16}.Release|Any CPU.Build.0 = Release|Any CPU
	EndGlobalSection
	GlobalSection(SolutionProperties) = preSolution
		HideSolutionNode = FALSE
	EndGlobalSection
	GlobalSection(ExtensibilityGlobals) = postSolution
		SolutionGuid = {CA972751-3B0B-4714-98FA-9500C5DD9A7A}
	EndGlobalSection
EndGlobal
